// !$*UTF8*$!
{
	archiveVersion = 1;
	classes = {
	};
	objectVersion = 46;
	objects = {

/* Begin PBXBuildFile section */
		F47C6BD31C21861400DF462C /* AppDelegate.swift in Sources */ = {isa = PBXBuildFile; fileRef = F47C6BD21C21861400DF462C /* AppDelegate.swift */; };
		F47C6BD51C21861400DF462C /* ViewController.swift in Sources */ = {isa = PBXBuildFile; fileRef = F47C6BD41C21861400DF462C /* ViewController.swift */; };
		F47C6BD81C21861400DF462C /* Main.storyboard in Resources */ = {isa = PBXBuildFile; fileRef = F47C6BD61C21861400DF462C /* Main.storyboard */; };
		F47C6BDA1C21861400DF462C /* Assets.xcassets in Resources */ = {isa = PBXBuildFile; fileRef = F47C6BD91C21861400DF462C /* Assets.xcassets */; };
		F47C6BDD1C21861400DF462C /* LaunchScreen.storyboard in Resources */ = {isa = PBXBuildFile; fileRef = F47C6BDB1C21861400DF462C /* LaunchScreen.storyboard */; };
/* End PBXBuildFile section */

/* Begin PBXFileReference section */
		F47C6BCF1C21861400DF462C /* My First App.app */ = {isa = PBXFileReference; explicitFileType = wrapper.application; includeInIndex = 0; path = "My First App.app"; sourceTree = BUILT_PRODUCTS_DIR; };
		F47C6BD21C21861400DF462C /* AppDelegate.swift */ = {isa = PBXFileReference; lastKnownFileType = sourcecode.swift; path = AppDelegate.swift; sourceTree = "<group>"; };
		F47C6BD41C21861400DF462C /* ViewController.swift */ = {isa = PBXFileReference; lastKnownFileType = sourcecode.swift; path = ViewController.swift; sourceTree = "<group>"; };
		F47C6BD71C21861400DF462C /* Base */ = {isa = PBXFileReference; lastKnownFileType = file.storyboard; name = Base; path = Base.lproj/Main.storyboard; sourceTree = "<group>"; };
		F47C6BD91C21861400DF462C /* Assets.xcassets */ = {isa = PBXFileReference; lastKnownFileType = folder.assetcatalog; path = Assets.xcassets; sourceTree = "<group>"; };
		F47C6BDC1C21861400DF462C /* Base */ = {isa = PBXFileReference; lastKnownFileType = file.storyboard; name = Base; path = Base.lproj/LaunchScreen.storyboard; sourceTree = "<group>"; };
		F47C6BDE1C21861400DF462C /* Info.plist */ = {isa = PBXFileReference; lastKnownFileType = text.plist.xml; path = Info.plist; sourceTree = "<group>"; };
/* End PBXFileReference section */

/* Begin PBXFrameworksBuildPhase section */
		F47C6BCC1C21861400DF462C /* Frameworks */ = {
			isa = PBXFrameworksBuildPhase;
			buildActionMask = 2147483647;
			files = (
			);
			runOnlyForDeploymentPostprocessing = 0;
		};
/* End PBXFrameworksBuildPhase section */

/* Begin PBXGroup section */
		F47C6BC61C21861300DF462C = {
			isa = PBXGroup;
			children = (
				F47C6BD11C21861400DF462C /* My First App */,
				F47C6BD01C21861400DF462C /* Products */,
			);
			sourceTree = "<group>";
		};
		F47C6BD01C21861400DF462C /* Products */ = {
			isa = PBXGroup;
			children = (
				F47C6BCF1C21861400DF462C /* My First App.app */,
			);
			name = Products;
			sourceTree = "<group>";
		};
		F47C6BD11C21861400DF462C /* My First App */ = {
			isa = PBXGroup;
			children = (
				F47C6BD21C21861400DF462C /* AppDelegate.swift */,
				F47C6BD41C21861400DF462C /* ViewController.swift */,
				F47C6BD61C21861400DF462C /* Main.storyboard */,
				F47C6BD91C21861400DF462C /* Assets.xcassets */,
				F47C6BDB1C21861400DF462C /* LaunchScreen.storyboard */,
				F47C6BDE1C21861400DF462C /* Info.plist */,
			);
			path = "My First App";
			sourceTree = "<group>";
		};
/* End PBXGroup section */

/* Begin PBXNativeTarget section */
		F47C6BCE1C21861400DF462C /* My First App */ = {
			isa = PBXNativeTarget;
			buildConfigurationList = F47C6BE11C21861400DF462C /* Build configuration list for PBXNativeTarget "My First App" */;
			buildPhases = (
				F47C6BCB1C21861400DF462C /* Sources */,
				F47C6BCC1C21861400DF462C /* Frameworks */,
				F47C6BCD1C21861400DF462C /* Resources */,
			);
			buildRules = (
			);
			dependencies = (
			);
			name = "My First App";
			productName = "My First App";
			productReference = F47C6BCF1C21861400DF462C /* My First App.app */;
			productType = "com.apple.product-type.application";
		};
/* End PBXNativeTarget section */

/* Begin PBXProject section */
		F47C6BC71C21861300DF462C /* Project object */ = {
			isa = PBXProject;
			attributes = {
				LastSwiftUpdateCheck = 0720;
				LastUpgradeCheck = 0720;
				ORGANIZATIONNAME = Milner.io;
				TargetAttributes = {
					F47C6BCE1C21861400DF462C = {
						CreatedOnToolsVersion = 7.2;
						DevelopmentTeam = K66T7Y58F3;
					};
				};
			};
			buildConfigurationList = F47C6BCA1C21861300DF462C /* Build configuration list for PBXProject "My First App" */;
			compatibilityVersion = "Xcode 3.2";
			developmentRegion = English;
			hasScannedForEncodings = 0;
			knownRegions = (
				en,
				Base,
			);
			mainGroup = F47C6BC61C21861300DF462C;
			productRefGroup = F47C6BD01C21861400DF462C /* Products */;
			projectDirPath = "";
			projectRoot = "";
			targets = (
				F47C6BCE1C21861400DF462C /* My First App */,
			);
		};
/* End PBXProject section */

/* Begin PBXResourcesBuildPhase section */
		F47C6BCD1C21861400DF462C /* Resources */ = {
			isa = PBXResourcesBuildPhase;
			buildActionMask = 2147483647;
			files = (
				F47C6BDD1C21861400DF462C /* LaunchScreen.storyboard in Resources */,
				F47C6BDA1C21861400DF462C /* Assets.xcassets in Resources */,
				F47C6BD81C21861400DF462C /* Main.storyboard in Resources */,
			);
			runOnlyForDeploymentPostprocessing = 0;
		};
/* End PBXResourcesBuildPhase section */

/* Begin PBXSourcesBuildPhase section */
		F47C6BCB1C21861400DF462C /* Sources */ = {
			isa = PBXSourcesBuildPhase;
			buildActionMask = 2147483647;
			files = (
				F47C6BD51C21861400DF462C /* ViewController.swift in Sources */,
				F47C6BD31C21861400DF462C /* AppDelegate.swift in Sources */,
			);
			runOnlyForDeploymentPostprocessing = 0;
		};
/* End PBXSourcesBuildPhase section */

/* Begin PBXVariantGroup section */
		F47C6BD61C21861400DF462C /* Main.storyboard */ = {
			isa = PBXVariantGroup;
			children = (
				F47C6BD71C21861400DF462C /* Base */,
			);
			name = Main.storyboard;
			sourceTree = "<group>";
		};
		F47C6BDB1C21861400DF462C /* LaunchScreen.storyboard */ = {
			isa = PBXVariantGroup;
			children = (
				F47C6BDC1C21861400DF462C /* Base */,
			);
			name = LaunchScreen.storyboard;
			sourceTree = "<group>";
		};
/* End PBXVariantGroup section */

/* Begin XCBuildConfiguration section */
		F47C6BDF1C21861400DF462C /* Debug */ = {
			isa = XCBuildConfiguration;
			buildSettings = {
				ALWAYS_SEARCH_USER_PATHS = NO;
				CLANG_CXX_LANGUAGE_STANDARD = "gnu++0x";
				CLANG_CXX_LIBRARY = "libc++";
				CLANG_ENABLE_MODULES = YES;
				CLANG_ENABLE_OBJC_ARC = YES;
				CLANG_WARN_BOOL_CONVERSION = YES;
				CLANG_WARN_CONSTANT_CONVERSION = YES;
				CLANG_WARN_DIRECT_OBJC_ISA_USAGE = YES_ERROR;
				CLANG_WARN_EMPTY_BODY = YES;
				CLANG_WARN_ENUM_CONVERSION = YES;
				CLANG_WARN_INT_CONVERSION = YES;
				CLANG_WARN_OBJC_ROOT_CLASS = YES_ERROR;
				CLANG_WARN_UNREACHABLE_CODE = YES;
				CLANG_WARN__DUPLICATE_METHOD_MATCH = YES;
				"CODE_SIGN_IDENTITY[sdk=iphoneos*]" = "iPhone Developer";
				COPY_PHASE_STRIP = NO;
				DEBUG_INFORMATION_FORMAT = dwarf;
				ENABLE_STRICT_OBJC_MSGSEND = YES;
				ENABLE_TESTABILITY = YES;
				GCC_C_LANGUAGE_STANDARD = gnu99;
				GCC_DYNAMIC_NO_PIC = NO;
				GCC_NO_COMMON_BLOCKS = YES;
				GCC_OPTIMIZATION_LEVEL = 0;
				GCC_PREPROCESSOR_DEFINITIONS = (
					"DEBUG=1",
					"$(inherited)",
				);
				GCC_WARN_64_TO_32_BIT_CONVERSION = YES;
				GCC_WARN_ABOUT_RETURN_TYPE = YES_ERROR;
				GCC_WARN_UNDECLARED_SELECTOR = YES;
				GCC_WARN_UNINITIALIZED_AUTOS = YES_AGGRESSIVE;
				GCC_WARN_UNUSED_FUNCTION = YES;
				GCC_WARN_UNUSED_VARIABLE = YES;
				IPHONEOS_DEPLOYMENT_TARGET = 9.2;
				MTL_ENABLE_DEBUG_INFO = YES;
				ONLY_ACTIVE_ARCH = YES;
				SDKROOT = iphoneos;
				SWIFT_OPTIMIZATION_LEVEL = "-Onone";
			};
			name = Debug;
		};
		F47C6BE01C21861400DF462C /* Release */ = {
			isa = XCBuildConfiguration;
			buildSettings = {
				ALWAYS_SEARCH_USER_PATHS = NO;
				CLANG_CXX_LANGUAGE_STANDARD = "gnu++0x";
				CLANG_CXX_LIBRARY = "libc++";
				CLANG_ENABLE_MODULES = YES;
				CLANG_ENABLE_OBJC_ARC = YES;
				CLANG_WARN_BOOL_CONVERSION = YES;
				CLANG_WARN_CONSTANT_CONVERSION = YES;
				CLANG_WARN_DIRECT_OBJC_ISA_USAGE = YES_ERROR;
				CLANG_WARN_EMPTY_BODY = YES;
				CLANG_WARN_ENUM_CONVERSION = YES;
				CLANG_WARN_INT_CONVERSION = YES;
				CLANG_WARN_OBJC_ROOT_CLASS = YES_ERROR;
				CLANG_WARN_UNREACHABLE_CODE = YES;
				CLANG_WARN__DUPLICATE_METHOD_MATCH = YES;
				"CODE_SIGN_IDENTITY[sdk=iphoneos*]" = "iPhone Developer";
				COPY_PHASE_STRIP = NO;
				DEBUG_INFORMATION_FORMAT = "dwarf-with-dsym";
				ENABLE_NS_ASSERTIONS = NO;
				ENABLE_STRICT_OBJC_MSGSEND = YES;
				GCC_C_LANGUAGE_STANDARD = gnu99;
				GCC_NO_COMMON_BLOCKS = YES;
				GCC_WARN_64_TO_32_BIT_CONVERSION = YES;
				GCC_WARN_ABOUT_RETURN_TYPE = YES_ERROR;
				GCC_WARN_UNDECLARED_SELECTOR = YES;
				GCC_WARN_UNINITIALIZED_AUTOS = YES_AGGRESSIVE;
				GCC_WARN_UNUSED_FUNCTION = YES;
				GCC_WARN_UNUSED_VARIABLE = YES;
				IPHONEOS_DEPLOYMENT_TARGET = 9.2;
				MTL_ENABLE_DEBUG_INFO = NO;
				SDKROOT = iphoneos;
				VALIDATE_PRODUCT = YES;
			};
			name = Release;
		};
		F47C6BE21C21861400DF462C /* Debug */ = {
			isa = XCBuildConfiguration;
			buildSettings = {
				ASSETCATALOG_COMPILER_APPICON_NAME = AppIcon;
				INFOPLIST_FILE = "My First App/Info.plist";
				LD_RUNPATH_SEARCH_PATHS = "$(inherited) @executable_path/Frameworks";
				PRODUCT_BUNDLE_IDENTIFIER = "io.milner.My-First-App";
				PRODUCT_NAME = "$(TARGET_NAME)";
			};
			name = Debug;
		};
		F47C6BE31C21861400DF462C /* Release */ = {
			isa = XCBuildConfiguration;
			buildSettings = {
				ASSETCATALOG_COMPILER_APPICON_NAME = AppIcon;
				INFOPLIST_FILE = "My First App/Info.plist";
				LD_RUNPATH_SEARCH_PATHS = "$(inherited) @executable_path/Frameworks";
				PRODUCT_BUNDLE_IDENTIFIER = "io.milner.My-First-App";
				PRODUCT_NAME = "$(TARGET_NAME)";
			};
			name = Release;
		};
/* End XCBuildConfiguration section */

/* Begin XCConfigurationList section */
		F47C6BCA1C21861300DF462C /* Build configuration list for PBXProject "My First App" */ = {
			isa = XCConfigurationList;
			buildConfigurations = (
				F47C6BDF1C21861400DF462C /* Debug */,
				F47C6BE01C21861400DF462C /* Release */,
			);
			defaultConfigurationIsVisible = 0;
			defaultConfigurationName = Release;
		};
		F47C6BE11C21861400DF462C /* Build configuration list for PBXNativeTarget "My First App" */ = {
			isa = XCConfigurationList;
			buildConfigurations = (
				F47C6BE21C21861400DF462C /* Debug */,
				F47C6BE31C21861400DF462C /* Release */,
			);
			defaultConfigurationIsVisible = 0;
		};
/* End XCConfigurationList section */
	};
	rootObject = F47C6BC71C21861300DF462C /* Project object */;
}
